
Microsoft Visual Studio Solution File, Format Version 12.00
# Visual Studio Version 17
VisualStudioVersion = 17.11.35327.3
MinimumVisualStudioVersion = 10.0.40219.1
Project("{FAE04EC0-301F-11D3-BF4B-00C04F79EFBC}") = "CultureResearchPauseFix_NativeModloader", "CultureResearchPauseFix_NativeModloader\CultureResearchPauseFix_NativeModloader.csproj", "{8397F44B-7BBD-4EFB-A28A-87EBA835AEBD}"
EndProject
Global
	GlobalSection(SolutionConfigurationPlatforms) = preSolution
		Debug|Any CPU = Debug|Any CPU
		Release|Any CPU = Release|Any CPU
	EndGlobalSection
	GlobalSection(ProjectConfigurationPlatforms) = postSolution
		{8397F44B-7BBD-4EFB-A28A-87EBA835AEBD}.Debug|Any CPU.ActiveCfg = Debug|Any CPU
		{8397F44B-7BBD-4EFB-A28A-87EBA835AEBD}.Debug|Any CPU.Build.0 = Debug|Any CPU
		{8397F44B-7BBD-4EFB-A28A-87EBA835AEBD}.Release|Any CPU.ActiveCfg = Release|Any CPU
		{8397F44B-7BBD-4EFB-A28A-87EBA835AEBD}.Release|Any CPU.Build.0 = Release|Any CPU
	EndGlobalSection
	GlobalSection(SolutionProperties) = preSolution
		HideSolutionNode = FALSE
	EndGlobalSection
	GlobalSection(ExtensibilityGlobals) = postSolution
		SolutionGuid = {105604E2-B596-4136-B0AB-18507CF364E1}
	EndGlobalSection
EndGlobal
